
Microsoft Visual Studio Solution File, Format Version 12.00
# Visual Studio Version 17
VisualStudioVersion = 17.10.35004.147
MinimumVisualStudioVersion = 10.0.40219.1
Project("{FAE04EC0-301F-11D3-BF4B-00C04F79EFBC}") = "240715-pottery-kiln-schedule", "240715-pottery-kiln-schedule.csproj", "{B01EE3B8-C75C-4B19-97E7-210DA90FB620}"
EndProject
Global
	GlobalSection(SolutionConfigurationPlatforms) = preSolution
		Debug|Any CPU = Debug|Any CPU
		Release|Any CPU = Release|Any CPU
	EndGlobalSection
	GlobalSection(ProjectConfigurationPlatforms) = postSolution
		{B01EE3B8-C75C-4B19-97E7-210DA90FB620}.Debug|Any CPU.ActiveCfg = Debug|Any CPU
		{B01EE3B8-C75C-4B19-97E7-210DA90FB620}.Debug|Any CPU.Build.0 = Debug|Any CPU
		{B01EE3B8-C75C-4B19-97E7-210DA90FB620}.Release|Any CPU.ActiveCfg = Release|Any CPU
		{B01EE3B8-C75C-4B19-97E7-210DA90FB620}.Release|Any CPU.Build.0 = Release|Any CPU
	EndGlobalSection
	GlobalSection(SolutionProperties) = preSolution
		HideSolutionNode = FALSE
	EndGlobalSection
	GlobalSection(ExtensibilityGlobals) = postSolution
		SolutionGuid = {1BE3621B-91DD-4294-9A5E-E0D8526B052A}
	EndGlobalSection
EndGlobal
